
Microsoft Visual Studio Solution File, Format Version 12.00
# Visual Studio Version 17
VisualStudioVersion = 17.4.33213.308
MinimumVisualStudioVersion = 10.0.40219.1
Project("{9A19103F-16F7-4668-BE54-9A1E7A4F7556}") = "Empower.Library.Room1", "Empower.Library.Room1\Empower.Library.Room1.csproj", "{AB4DC6F6-D890-4BB9-96C3-40EC5B3ED4A1}"
EndProject
Project("{2150E333-8FDC-42A3-9474-1A3956D46DE8}") = "Solution Items", "Solution Items", "{A6009FF4-DC22-40D7-B26B-B872942E3825}"
	ProjectSection(SolutionItems) = preProject
		README.md = README.md
	EndProjectSection
EndProject
Global
	GlobalSection(SolutionConfigurationPlatforms) = preSolution
		Debug|Any CPU = Debug|Any CPU
		Release|Any CPU = Release|Any CPU
	EndGlobalSection
	GlobalSection(ProjectConfigurationPlatforms) = postSolution
		{AB4DC6F6-D890-4BB9-96C3-40EC5B3ED4A1}.Debug|Any CPU.ActiveCfg = Debug|Any CPU
		{AB4DC6F6-D890-4BB9-96C3-40EC5B3ED4A1}.Debug|Any CPU.Build.0 = Debug|Any CPU
		{AB4DC6F6-D890-4BB9-96C3-40EC5B3ED4A1}.Release|Any CPU.ActiveCfg = Release|Any CPU
		{AB4DC6F6-D890-4BB9-96C3-40EC5B3ED4A1}.Release|Any CPU.Build.0 = Release|Any CPU
	EndGlobalSection
	GlobalSection(SolutionProperties) = preSolution
		HideSolutionNode = FALSE
	EndGlobalSection
	GlobalSection(ExtensibilityGlobals) = postSolution
		SolutionGuid = {5ACE812E-F9AC-4F5C-A745-CBEA8E493447}
	EndGlobalSection
EndGlobal
